// !$*UTF8*$!
{
	archiveVersion = 1;
	classes = {
	};
	objectVersion = 77;
	objects = {

/* Begin PBXContainerItemProxy section */
		84A84CE32E46A28A00A9F7D6 /* PBXContainerItemProxy */ = {
			isa = PBXContainerItemProxy;
			containerPortal = 84A84CCD2E46A28800A9F7D6 /* Project object */;
			proxyType = 1;
			remoteGlobalIDString = 84A84CD42E46A28800A9F7D6;
			remoteInfo = Kamerdata;
		};
		84A84CED2E46A28A00A9F7D6 /* PBXContainerItemProxy */ = {
			isa = PBXContainerItemProxy;
			containerPortal = 84A84CCD2E46A28800A9F7D6 /* Project object */;
			proxyType = 1;
			remoteGlobalIDString = 84A84CD42E46A28800A9F7D6;
			remoteInfo = Kamerdata;
		};
/* End PBXContainerItemProxy section */

/* Begin PBXFileReference section */
		84A84CD52E46A28800A9F7D6 /* Kamerdata.app */ = {isa = PBXFileReference; explicitFileType = wrapper.application; includeInIndex = 0; path = Kamerdata.app; sourceTree = BUILT_PRODUCTS_DIR; };
		84A84CE22E46A28A00A9F7D6 /* KamerdataTests.xctest */ = {isa = PBXFileReference; explicitFileType = wrapper.cfbundle; includeInIndex = 0; path = KamerdataTests.xctest; sourceTree = BUILT_PRODUCTS_DIR; };
		84A84CEC2E46A28A00A9F7D6 /* KamerdataUITests.xctest */ = {isa = PBXFileReference; explicitFileType = wrapper.cfbundle; includeInIndex = 0; path = KamerdataUITests.xctest; sourceTree = BUILT_PRODUCTS_DIR; };
/* End PBXFileReference section */

/* Begin PBXFileSystemSynchronizedRootGroup section */
		84A84CD72E46A28800A9F7D6 /* Kamerdata */ = {
			isa = PBXFileSystemSynchronizedRootGroup;
			path = Kamerdata;
			sourceTree = "<group>";
		};
		84A84CE52E46A28A00A9F7D6 /* KamerdataTests */ = {
			isa = PBXFileSystemSynchronizedRootGroup;
			path = KamerdataTests;
			sourceTree = "<group>";
		};
		84A84CEF2E46A28A00A9F7D6 /* KamerdataUITests */ = {
			isa = PBXFileSystemSynchronizedRootGroup;
			path = KamerdataUITests;
			sourceTree = "<group>";
		};
/* End PBXFileSystemSynchronizedRootGroup section */

/* Begin PBXFrameworksBuildPhase section */
		84A84CD22E46A28800A9F7D6 /* Frameworks */ = {
			isa = PBXFrameworksBuildPhase;
			buildActionMask = 2147483647;
			files = (
			);
			runOnlyForDeploymentPostprocessing = 0;
		};
		84A84CDF2E46A28A00A9F7D6 /* Frameworks */ = {
			isa = PBXFrameworksBuildPhase;
			buildActionMask = 2147483647;
			files = (
			);
			runOnlyForDeploymentPostprocessing = 0;
		};
		84A84CE92E46A28A00A9F7D6 /* Frameworks */ = {
			isa = PBXFrameworksBuildPhase;
			buildActionMask = 2147483647;
			files = (
			);
			runOnlyForDeploymentPostprocessing = 0;
		};
/* End PBXFrameworksBuildPhase section */

/* Begin PBXGroup section */
		84A84CCC2E46A28800A9F7D6 = {
			isa = PBXGroup;
			children = (
				84A84CD72E46A28800A9F7D6 /* Kamerdata */,
				84A84CE52E46A28A00A9F7D6 /* KamerdataTests */,
				84A84CEF2E46A28A00A9F7D6 /* KamerdataUITests */,
				84A84CD62E46A28800A9F7D6 /* Products */,
			);
			sourceTree = "<group>";
		};
		84A84CD62E46A28800A9F7D6 /* Products */ = {
			isa = PBXGroup;
			children = (
				84A84CD52E46A28800A9F7D6 /* Kamerdata.app */,
				84A84CE22E46A28A00A9F7D6 /* KamerdataTests.xctest */,
				84A84CEC2E46A28A00A9F7D6 /* KamerdataUITests.xctest */,
			);
			name = Products;
			sourceTree = "<group>";
		};
/* End PBXGroup section */

/* Begin PBXNativeTarget section */
		84A84CD42E46A28800A9F7D6 /* Kamerdata */ = {
			isa = PBXNativeTarget;
			buildConfigurationList = 84A84CF62E46A28A00A9F7D6 /* Build configuration list for PBXNativeTarget "Kamerdata" */;
			buildPhases = (
				84A84CD12E46A28800A9F7D6 /* Sources */,
				84A84CD22E46A28800A9F7D6 /* Frameworks */,
				84A84CD32E46A28800A9F7D6 /* Resources */,
			);
			buildRules = (
			);
			dependencies = (
			);
			fileSystemSynchronizedGroups = (
				84A84CD72E46A28800A9F7D6 /* Kamerdata */,
			);
			name = Kamerdata;
			packageProductDependencies = (
			);
			productName = Kamerdata;
			productReference = 84A84CD52E46A28800A9F7D6 /* Kamerdata.app */;
			productType = "com.apple.product-type.application";
		};
		84A84CE12E46A28A00A9F7D6 /* KamerdataTests */ = {
			isa = PBXNativeTarget;
			buildConfigurationList = 84A84CF92E46A28A00A9F7D6 /* Build configuration list for PBXNativeTarget "KamerdataTests" */;
			buildPhases = (
				84A84CDE2E46A28A00A9F7D6 /* Sources */,
				84A84CDF2E46A28A00A9F7D6 /* Frameworks */,
				84A84CE02E46A28A00A9F7D6 /* Resources */,
			);
			buildRules = (
			);
			dependencies = (
				84A84CE42E46A28A00A9F7D6 /* PBXTargetDependency */,
			);
			fileSystemSynchronizedGroups = (
				84A84CE52E46A28A00A9F7D6 /* KamerdataTests */,
			);
			name = KamerdataTests;
			packageProductDependencies = (
			);
			productName = KamerdataTests;
			productReference = 84A84CE22E46A28A00A9F7D6 /* KamerdataTests.xctest */;
			productType = "com.apple.product-type.bundle.unit-test";
		};
		84A84CEB2E46A28A00A9F7D6 /* KamerdataUITests */ = {
			isa = PBXNativeTarget;
			buildConfigurationList = 84A84CFC2E46A28A00A9F7D6 /* Build configuration list for PBXNativeTarget "KamerdataUITests" */;
			buildPhases = (
				84A84CE82E46A28A00A9F7D6 /* Sources */,
				84A84CE92E46A28A00A9F7D6 /* Frameworks */,
				84A84CEA2E46A28A00A9F7D6 /* Resources */,
			);
			buildRules = (
			);
			dependencies = (
				84A84CEE2E46A28A00A9F7D6 /* PBXTargetDependency */,
			);
			fileSystemSynchronizedGroups = (
				84A84CEF2E46A28A00A9F7D6 /* KamerdataUITests */,
			);
			name = KamerdataUITests;
			packageProductDependencies = (
			);
			productName = KamerdataUITests;
			productReference = 84A84CEC2E46A28A00A9F7D6 /* KamerdataUITests.xctest */;
			productType = "com.apple.product-type.bundle.ui-testing";
		};
/* End PBXNativeTarget section */

/* Begin PBXProject section */
		84A84CCD2E46A28800A9F7D6 /* Project object */ = {
			isa = PBXProject;
			attributes = {
				BuildIndependentTargetsInParallel = 1;
				LastSwiftUpdateCheck = 1640;
				LastUpgradeCheck = 1640;
				TargetAttributes = {
					84A84CD42E46A28800A9F7D6 = {
						CreatedOnToolsVersion = 16.4;
					};
					84A84CE12E46A28A00A9F7D6 = {
						CreatedOnToolsVersion = 16.4;
						TestTargetID = 84A84CD42E46A28800A9F7D6;
					};
					84A84CEB2E46A28A00A9F7D6 = {
						CreatedOnToolsVersion = 16.4;
						TestTargetID = 84A84CD42E46A28800A9F7D6;
					};
				};
			};
			buildConfigurationList = 84A84CD02E46A28800A9F7D6 /* Build configuration list for PBXProject "Kamerdata" */;
			developmentRegion = en;
			hasScannedForEncodings = 0;
			knownRegions = (
				en,
				Base,
			);
			mainGroup = 84A84CCC2E46A28800A9F7D6;
			minimizedProjectReferenceProxies = 1;
			preferredProjectObjectVersion = 77;
			productRefGroup = 84A84CD62E46A28800A9F7D6 /* Products */;
			projectDirPath = "";
			projectRoot = "";
			targets = (
				84A84CD42E46A28800A9F7D6 /* Kamerdata */,
				84A84CE12E46A28A00A9F7D6 /* KamerdataTests */,
				84A84CEB2E46A28A00A9F7D6 /* KamerdataUITests */,
			);
		};
/* End PBXProject section */

/* Begin PBXResourcesBuildPhase section */
		84A84CD32E46A28800A9F7D6 /* Resources */ = {
			isa = PBXResourcesBuildPhase;
			buildActionMask = 2147483647;
			files = (
			);
			runOnlyForDeploymentPostprocessing = 0;
		};
		84A84CE02E46A28A00A9F7D6 /* Resources */ = {
			isa = PBXResourcesBuildPhase;
			buildActionMask = 2147483647;
			files = (
			);
			runOnlyForDeploymentPostprocessing = 0;
		};
		84A84CEA2E46A28A00A9F7D6 /* Resources */ = {
			isa = PBXResourcesBuildPhase;
			buildActionMask = 2147483647;
			files = (
			);
			runOnlyForDeploymentPostprocessing = 0;
		};
/* End PBXResourcesBuildPhase section */

/* Begin PBXSourcesBuildPhase section */
		84A84CD12E46A28800A9F7D6 /* Sources */ = {
			isa = PBXSourcesBuildPhase;
			buildActionMask = 2147483647;
			files = (
			);
			runOnlyForDeploymentPostprocessing = 0;
		};
		84A84CDE2E46A28A00A9F7D6 /* Sources */ = {
			isa = PBXSourcesBuildPhase;
			buildActionMask = 2147483647;
			files = (
			);
			runOnlyForDeploymentPostprocessing = 0;
		};
		84A84CE82E46A28A00A9F7D6 /* Sources */ = {
			isa = PBXSourcesBuildPhase;
			buildActionMask = 2147483647;
			files = (
			);
			runOnlyForDeploymentPostprocessing = 0;
		};
/* End PBXSourcesBuildPhase section */

/* Begin PBXTargetDependency section */
		84A84CE42E46A28A00A9F7D6 /* PBXTargetDependency */ = {
			isa = PBXTargetDependency;
			target = 84A84CD42E46A28800A9F7D6 /* Kamerdata */;
			targetProxy = 84A84CE32E46A28A00A9F7D6 /* PBXContainerItemProxy */;
		};
		84A84CEE2E46A28A00A9F7D6 /* PBXTargetDependency */ = {
			isa = PBXTargetDependency;
			target = 84A84CD42E46A28800A9F7D6 /* Kamerdata */;
			targetProxy = 84A84CED2E46A28A00A9F7D6 /* PBXContainerItemProxy */;
		};
/* End PBXTargetDependency section */

/* Begin XCBuildConfiguration section */
		84A84CF42E46A28A00A9F7D6 /* Debug */ = {
			isa = XCBuildConfiguration;
			buildSettings = {
				ALWAYS_SEARCH_USER_PATHS = NO;
				ASSETCATALOG_COMPILER_GENERATE_SWIFT_ASSET_SYMBOL_EXTENSIONS = YES;
				CLANG_ANALYZER_NONNULL = YES;
				CLANG_ANALYZER_NUMBER_OBJECT_CONVERSION = YES_AGGRESSIVE;
				CLANG_CXX_LANGUAGE_STANDARD = "gnu++20";
				CLANG_ENABLE_MODULES = YES;
				CLANG_ENABLE_OBJC_ARC = YES;
				CLANG_ENABLE_OBJC_WEAK = YES;
				CLANG_WARN_BLOCK_CAPTURE_AUTORELEASING = YES;
				CLANG_WARN_BOOL_CONVERSION = YES;
				CLANG_WARN_COMMA = YES;
				CLANG_WARN_CONSTANT_CONVERSION = YES;
				CLANG_WARN_DEPRECATED_OBJC_IMPLEMENTATIONS = YES;
				CLANG_WARN_DIRECT_OBJC_ISA_USAGE = YES_ERROR;
				CLANG_WARN_DOCUMENTATION_COMMENTS = YES;
				CLANG_WARN_EMPTY_BODY = YES;
				CLANG_WARN_ENUM_CONVERSION = YES;
				CLANG_WARN_INFINITE_RECURSION = YES;
				CLANG_WARN_INT_CONVERSION = YES;
				CLANG_WARN_NON_LITERAL_NULL_CONVERSION = YES;
				CLANG_WARN_OBJC_IMPLICIT_RETAIN_SELF = YES;
				CLANG_WARN_OBJC_LITERAL_CONVERSION = YES;
				CLANG_WARN_OBJC_ROOT_CLASS = YES_ERROR;
				CLANG_WARN_QUOTED_INCLUDE_IN_FRAMEWORK_HEADER = YES;
				CLANG_WARN_RANGE_LOOP_ANALYSIS = YES;
				CLANG_WARN_STRICT_PROTOTYPES = YES;
				CLANG_WARN_SUSPICIOUS_MOVE = YES;
				CLANG_WARN_UNGUARDED_AVAILABILITY = YES_AGGRESSIVE;
				CLANG_WARN_UNREACHABLE_CODE = YES;
				CLANG_WARN__DUPLICATE_METHOD_MATCH = YES;
				COPY_PHASE_STRIP = NO;
				DEBUG_INFORMATION_FORMAT = dwarf;
				ENABLE_STRICT_OBJC_MSGSEND = YES;
				ENABLE_TESTABILITY = YES;
				ENABLE_USER_SCRIPT_SANDBOXING = YES;
				GCC_C_LANGUAGE_STANDARD = gnu17;
				GCC_DYNAMIC_NO_PIC = NO;
				GCC_NO_COMMON_BLOCKS = YES;
				GCC_OPTIMIZATION_LEVEL = 0;
				GCC_PREPROCESSOR_DEFINITIONS = (
					"DEBUG=1",
					"$(inherited)",
				);
				GCC_WARN_64_TO_32_BIT_CONVERSION = YES;
				GCC_WARN_ABOUT_RETURN_TYPE = YES_ERROR;
				GCC_WARN_UNDECLARED_SELECTOR = YES;
				GCC_WARN_UNINITIALIZED_AUTOS = YES_AGGRESSIVE;
				GCC_WARN_UNUSED_FUNCTION = YES;
				GCC_WARN_UNUSED_VARIABLE = YES;
				IPHONEOS_DEPLOYMENT_TARGET = 18.5;
				LOCALIZATION_PREFERS_STRING_CATALOGS = YES;
				MTL_ENABLE_DEBUG_INFO = INCLUDE_SOURCE;
				MTL_FAST_MATH = YES;
				ONLY_ACTIVE_ARCH = YES;
				SDKROOT = iphoneos;
				SWIFT_ACTIVE_COMPILATION_CONDITIONS = "DEBUG $(inherited)";
				SWIFT_OPTIMIZATION_LEVEL = "-Onone";
			};
			name = Debug;
		};
		84A84CF52E46A28A00A9F7D6 /* Release */ = {
			isa = XCBuildConfiguration;
			buildSettings = {
				ALWAYS_SEARCH_USER_PATHS = NO;
				ASSETCATALOG_COMPILER_GENERATE_SWIFT_ASSET_SYMBOL_EXTENSIONS = YES;
				CLANG_ANALYZER_NONNULL = YES;
				CLANG_ANALYZER_NUMBER_OBJECT_CONVERSION = YES_AGGRESSIVE;
				CLANG_CXX_LANGUAGE_STANDARD = "gnu++20";
				CLANG_ENABLE_MODULES = YES;
				CLANG_ENABLE_OBJC_ARC = YES;
				CLANG_ENABLE_OBJC_WEAK = YES;
				CLANG_WARN_BLOCK_CAPTURE_AUTORELEASING = YES;
				CLANG_WARN_BOOL_CONVERSION = YES;
				CLANG_WARN_COMMA = YES;
				CLANG_WARN_CONSTANT_CONVERSION = YES;
				CLANG_WARN_DEPRECATED_OBJC_IMPLEMENTATIONS = YES;
				CLANG_WARN_DIRECT_OBJC_ISA_USAGE = YES_ERROR;
				CLANG_WARN_DOCUMENTATION_COMMENTS = YES;
				CLANG_WARN_EMPTY_BODY = YES;
				CLANG_WARN_ENUM_CONVERSION = YES;
				CLANG_WARN_INFINITE_RECURSION = YES;
				CLANG_WARN_INT_CONVERSION = YES;
				CLANG_WARN_NON_LITERAL_NULL_CONVERSION = YES;
				CLANG_WARN_OBJC_IMPLICIT_RETAIN_SELF = YES;
				CLANG_WARN_OBJC_LITERAL_CONVERSION = YES;
				CLANG_WARN_OBJC_ROOT_CLASS = YES_ERROR;
				CLANG_WARN_QUOTED_INCLUDE_IN_FRAMEWORK_HEADER = YES;
				CLANG_WARN_RANGE_LOOP_ANALYSIS = YES;
				CLANG_WARN_STRICT_PROTOTYPES = YES;
				CLANG_WARN_SUSPICIOUS_MOVE = YES;
				CLANG_WARN_UNGUARDED_AVAILABILITY = YES_AGGRESSIVE;
				CLANG_WARN_UNREACHABLE_CODE = YES;
				CLANG_WARN__DUPLICATE_METHOD_MATCH = YES;
				COPY_PHASE_STRIP = NO;
				DEBUG_INFORMATION_FORMAT = "dwarf-with-dsym";
				ENABLE_NS_ASSERTIONS = NO;
				ENABLE_STRICT_OBJC_MSGSEND = YES;
				ENABLE_USER_SCRIPT_SANDBOXING = YES;
				GCC_C_LANGUAGE_STANDARD = gnu17;
				GCC_NO_COMMON_BLOCKS = YES;
				GCC_WARN_64_TO_32_BIT_CONVERSION = YES;
				GCC_WARN_ABOUT_RETURN_TYPE = YES_ERROR;
				GCC_WARN_UNDECLARED_SELECTOR = YES;
				GCC_WARN_UNINITIALIZED_AUTOS = YES_AGGRESSIVE;
				GCC_WARN_UNUSED_FUNCTION = YES;
				GCC_WARN_UNUSED_VARIABLE = YES;
				IPHONEOS_DEPLOYMENT_TARGET = 18.5;
				LOCALIZATION_PREFERS_STRING_CATALOGS = YES;
				MTL_ENABLE_DEBUG_INFO = NO;
				MTL_FAST_MATH = YES;
				SDKROOT = iphoneos;
				SWIFT_COMPILATION_MODE = wholemodule;
				VALIDATE_PRODUCT = YES;
			};
			name = Release;
		};
		84A84CF72E46A28A00A9F7D6 /* Debug */ = {
			isa = XCBuildConfiguration;
			buildSettings = {
				ASSETCATALOG_COMPILER_APPICON_NAME = AppIcon;
				ASSETCATALOG_COMPILER_GLOBAL_ACCENT_COLOR_NAME = AccentColor;
				CODE_SIGN_STYLE = Automatic;
				CURRENT_PROJECT_VERSION = 1;
				ENABLE_PREVIEWS = YES;
				GENERATE_INFOPLIST_FILE = YES;
				INFOPLIST_KEY_UIApplicationSceneManifest_Generation = YES;
				INFOPLIST_KEY_UIApplicationSupportsIndirectInputEvents = YES;
				INFOPLIST_KEY_UILaunchScreen_Generation = YES;
				INFOPLIST_KEY_UISupportedInterfaceOrientations_iPad = "UIInterfaceOrientationPortrait UIInterfaceOrientationPortraitUpsideDown UIInterfaceOrientationLandscapeLeft UIInterfaceOrientationLandscapeRight";
				INFOPLIST_KEY_UISupportedInterfaceOrientations_iPhone = "UIInterfaceOrientationPortrait UIInterfaceOrientationLandscapeLeft UIInterfaceOrientationLandscapeRight";
				LD_RUNPATH_SEARCH_PATHS = (
					"$(inherited)",
					"@executable_path/Frameworks",
				);
				MARKETING_VERSION = 1.0;
				PRODUCT_BUNDLE_IDENTIFIER = aasoft.Kamerdata;
				PRODUCT_NAME = "$(TARGET_NAME)";
				SWIFT_EMIT_LOC_STRINGS = YES;
				SWIFT_VERSION = 5.0;
				TARGETED_DEVICE_FAMILY = "1,2";
			};
			name = Debug;
		};
		84A84CF82E46A28A00A9F7D6 /* Release */ = {
			isa = XCBuildConfiguration;
			buildSettings = {
				ASSETCATALOG_COMPILER_APPICON_NAME = AppIcon;
				ASSETCATALOG_COMPILER_GLOBAL_ACCENT_COLOR_NAME = AccentColor;
				CODE_SIGN_STYLE = Automatic;
				CURRENT_PROJECT_VERSION = 1;
				ENABLE_PREVIEWS = YES;
				GENERATE_INFOPLIST_FILE = YES;
				INFOPLIST_KEY_UIApplicationSceneManifest_Generation = YES;
				INFOPLIST_KEY_UIApplicationSupportsIndirectInputEvents = YES;
				INFOPLIST_KEY_UILaunchScreen_Generation = YES;
				INFOPLIST_KEY_UISupportedInterfaceOrientations_iPad = "UIInterfaceOrientationPortrait UIInterfaceOrientationPortraitUpsideDown UIInterfaceOrientationLandscapeLeft UIInterfaceOrientationLandscapeRight";
				INFOPLIST_KEY_UISupportedInterfaceOrientations_iPhone = "UIInterfaceOrientationPortrait UIInterfaceOrientationLandscapeLeft UIInterfaceOrientationLandscapeRight";
				LD_RUNPATH_SEARCH_PATHS = (
					"$(inherited)",
					"@executable_path/Frameworks",
				);
				MARKETING_VERSION = 1.0;
				PRODUCT_BUNDLE_IDENTIFIER = aasoft.Kamerdata;
				PRODUCT_NAME = "$(TARGET_NAME)";
				SWIFT_EMIT_LOC_STRINGS = YES;
				SWIFT_VERSION = 5.0;
				TARGETED_DEVICE_FAMILY = "1,2";
			};
			name = Release;
		};
		84A84CFA2E46A28A00A9F7D6 /* Debug */ = {
			isa = XCBuildConfiguration;
			buildSettings = {
				BUNDLE_LOADER = "$(TEST_HOST)";
				CODE_SIGN_STYLE = Automatic;
				CURRENT_PROJECT_VERSION = 1;
				GENERATE_INFOPLIST_FILE = YES;
				IPHONEOS_DEPLOYMENT_TARGET = 18.5;
				MARKETING_VERSION = 1.0;
				PRODUCT_BUNDLE_IDENTIFIER = aasoft.KamerdataTests;
				PRODUCT_NAME = "$(TARGET_NAME)";
				SWIFT_EMIT_LOC_STRINGS = NO;
				SWIFT_VERSION = 5.0;
				TARGETED_DEVICE_FAMILY = "1,2";
				TEST_HOST = "$(BUILT_PRODUCTS_DIR)/Kamerdata.app/$(BUNDLE_EXECUTABLE_FOLDER_PATH)/Kamerdata";
			};
			name = Debug;
		};
		84A84CFB2E46A28A00A9F7D6 /* Release */ = {
			isa = XCBuildConfiguration;
			buildSettings = {
				BUNDLE_LOADER = "$(TEST_HOST)";
				CODE_SIGN_STYLE = Automatic;
				CURRENT_PROJECT_VERSION = 1;
				GENERATE_INFOPLIST_FILE = YES;
				IPHONEOS_DEPLOYMENT_TARGET = 18.5;
				MARKETING_VERSION = 1.0;
				PRODUCT_BUNDLE_IDENTIFIER = aasoft.KamerdataTests;
				PRODUCT_NAME = "$(TARGET_NAME)";
				SWIFT_EMIT_LOC_STRINGS = NO;
				SWIFT_VERSION = 5.0;
				TARGETED_DEVICE_FAMILY = "1,2";
				TEST_HOST = "$(BUILT_PRODUCTS_DIR)/Kamerdata.app/$(BUNDLE_EXECUTABLE_FOLDER_PATH)/Kamerdata";
			};
			name = Release;
		};
		84A84CFD2E46A28A00A9F7D6 /* Debug */ = {
			isa = XCBuildConfiguration;
			buildSettings = {
				CODE_SIGN_STYLE = Automatic;
				CURRENT_PROJECT_VERSION = 1;
				GENERATE_INFOPLIST_FILE = YES;
				MARKETING_VERSION = 1.0;
				PRODUCT_BUNDLE_IDENTIFIER = aasoft.KamerdataUITests;
				PRODUCT_NAME = "$(TARGET_NAME)";
				SWIFT_EMIT_LOC_STRINGS = NO;
				SWIFT_VERSION = 5.0;
				TARGETED_DEVICE_FAMILY = "1,2";
				TEST_TARGET_NAME = Kamerdata;
			};
			name = Debug;
		};
		84A84CFE2E46A28A00A9F7D6 /* Release */ = {
			isa = XCBuildConfiguration;
			buildSettings = {
				CODE_SIGN_STYLE = Automatic;
				CURRENT_PROJECT_VERSION = 1;
				GENERATE_INFOPLIST_FILE = YES;
				MARKETING_VERSION = 1.0;
				PRODUCT_BUNDLE_IDENTIFIER = aasoft.KamerdataUITests;
				PRODUCT_NAME = "$(TARGET_NAME)";
				SWIFT_EMIT_LOC_STRINGS = NO;
				SWIFT_VERSION = 5.0;
				TARGETED_DEVICE_FAMILY = "1,2";
				TEST_TARGET_NAME = Kamerdata;
			};
			name = Release;
		};
/* End XCBuildConfiguration section */

/* Begin XCConfigurationList section */
		84A84CD02E46A28800A9F7D6 /* Build configuration list for PBXProject "Kamerdata" */ = {
			isa = XCConfigurationList;
			buildConfigurations = (
				84A84CF42E46A28A00A9F7D6 /* Debug */,
				84A84CF52E46A28A00A9F7D6 /* Release */,
			);
			defaultConfigurationIsVisible = 0;
			defaultConfigurationName = Release;
		};
		84A84CF62E46A28A00A9F7D6 /* Build configuration list for PBXNativeTarget "Kamerdata" */ = {
			isa = XCConfigurationList;
			buildConfigurations = (
				84A84CF72E46A28A00A9F7D6 /* Debug */,
				84A84CF82E46A28A00A9F7D6 /* Release */,
			);
			defaultConfigurationIsVisible = 0;
			defaultConfigurationName = Release;
		};
		84A84CF92E46A28A00A9F7D6 /* Build configuration list for PBXNativeTarget "KamerdataTests" */ = {
			isa = XCConfigurationList;
			buildConfigurations = (
				84A84CFA2E46A28A00A9F7D6 /* Debug */,
				84A84CFB2E46A28A00A9F7D6 /* Release */,
			);
			defaultConfigurationIsVisible = 0;
			defaultConfigurationName = Release;
		};
		84A84CFC2E46A28A00A9F7D6 /* Build configuration list for PBXNativeTarget "KamerdataUITests" */ = {
			isa = XCConfigurationList;
			buildConfigurations = (
				84A84CFD2E46A28A00A9F7D6 /* Debug */,
				84A84CFE2E46A28A00A9F7D6 /* Release */,
			);
			defaultConfigurationIsVisible = 0;
			defaultConfigurationName = Release;
		};
/* End XCConfigurationList section */
	};
	rootObject = 84A84CCD2E46A28800A9F7D6 /* Project object */;
}
